// !$*UTF8*$!
{
	archiveVersion = 1;
	classes = {
	};
	objectVersion = 48;
	objects = {

/* Begin PBXBuildFile section */
		1A25DC1A2027715600DFEFE2 /* Default-568h@2x.png in Resources */ = {isa = PBXBuildFile; fileRef = 1A25DC192027715600DFEFE2 /* Default-568h@2x.png */; };
		1A25DC1C2027743400DFEFE2 /* PlaceDetailViewController.swift in Sources */ = {isa = PBXBuildFile; fileRef = 1A25DC1B2027743400DFEFE2 /* PlaceDetailViewController.swift */; };
		1A3CFE93203ADCD500A0DE99 /* DetailTableFirstSectionHeader.swift in Sources */ = {isa = PBXBuildFile; fileRef = 1A3CFE92203ADCD500A0DE99 /* DetailTableFirstSectionHeader.swift */; };
		1A3CFE95203ADD0400A0DE99 /* DetailTableFirstSectionHeader.xib in Resources */ = {isa = PBXBuildFile; fileRef = 1A3CFE94203ADD0400A0DE99 /* DetailTableFirstSectionHeader.xib */; };
		1A402B0D202710CA001F7885 /* ProfileViewController.swift in Sources */ = {isa = PBXBuildFile; fileRef = 1A564A051FE7AF4B0028AF18 /* ProfileViewController.swift */; };
		1A65C527201118B80019419C /* FBSDKCoreKit.framework in Frameworks */ = {isa = PBXBuildFile; fileRef = 1A65C523201118B30019419C /* FBSDKCoreKit.framework */; };
		1A65C528201118B80019419C /* Bolts.framework in Frameworks */ = {isa = PBXBuildFile; fileRef = 1A65C524201118B50019419C /* Bolts.framework */; };
		1A65C529201118B80019419C /* FBSDKShareKit.framework in Frameworks */ = {isa = PBXBuildFile; fileRef = 1A65C525201118B60019419C /* FBSDKShareKit.framework */; };
		1A65C52A201118B80019419C /* FBSDKLoginKit.framework in Frameworks */ = {isa = PBXBuildFile; fileRef = 1A65C526201118B70019419C /* FBSDKLoginKit.framework */; };
		1A6B08E92035837A00357F43 /* CosmosDistrib.swift in Sources */ = {isa = PBXBuildFile; fileRef = 1A6B08E82035837A00357F43 /* CosmosDistrib.swift */; };
		1A6B08EB20359AC500357F43 /* Places.swift in Sources */ = {isa = PBXBuildFile; fileRef = 1A6B08EA20359AC500357F43 /* Places.swift */; };
		1A6B08ED2035B1FD00357F43 /* MeterCircularView.swift in Sources */ = {isa = PBXBuildFile; fileRef = 1A6B08EC2035B1FD00357F43 /* MeterCircularView.swift */; };
		1A82DC871FE3E02900E0A27C /* GoogleService-Info.plist in Resources */ = {isa = PBXBuildFile; fileRef = 1A82DC861FE3E02900E0A27C /* GoogleService-Info.plist */; };
		1AA9207720330F1600692495 /* PlaceTableViewCell.swift in Sources */ = {isa = PBXBuildFile; fileRef = 1AA9207620330F1600692495 /* PlaceTableViewCell.swift */; };
		1AA92079203316F100692495 /* Place.swift in Sources */ = {isa = PBXBuildFile; fileRef = 1AA92078203316F100692495 /* Place.swift */; };
		1AD3196A202309D6000D5D51 /* LocationManager.swift in Sources */ = {isa = PBXBuildFile; fileRef = 1AD31969202309D6000D5D51 /* LocationManager.swift */; };
		1AE6E65720333F3C00A02FED /* PlaceDetailCollectionViewCell.swift in Sources */ = {isa = PBXBuildFile; fileRef = 1AE6E65620333F3C00A02FED /* PlaceDetailCollectionViewCell.swift */; };
		1AEE0C85203FFAC4009BAFE6 /* ImageViewerViewController.swift in Sources */ = {isa = PBXBuildFile; fileRef = 1AEE0C84203FFAC4009BAFE6 /* ImageViewerViewController.swift */; };
		1AEE0C87203FFAE4009BAFE6 /* ImageViewerCollectionViewCell.swift in Sources */ = {isa = PBXBuildFile; fileRef = 1AEE0C86203FFAE4009BAFE6 /* ImageViewerCollectionViewCell.swift */; };
		1AFECE631FE3B9650083ED93 /* AppDelegate.swift in Sources */ = {isa = PBXBuildFile; fileRef = 1AFECE621FE3B9650083ED93 /* AppDelegate.swift */; };
		1AFECE651FE3B9650083ED93 /* PlacesViewController.swift in Sources */ = {isa = PBXBuildFile; fileRef = 1AFECE641FE3B9650083ED93 /* PlacesViewController.swift */; };
		1AFECE671FE3B9650083ED93 /* LocatorViewController.swift in Sources */ = {isa = PBXBuildFile; fileRef = 1AFECE661FE3B9650083ED93 /* LocatorViewController.swift */; };
		1AFECE6A1FE3B9650083ED93 /* Main.storyboard in Resources */ = {isa = PBXBuildFile; fileRef = 1AFECE681FE3B9650083ED93 /* Main.storyboard */; };
		1AFECE6C1FE3B9650083ED93 /* Assets.xcassets in Resources */ = {isa = PBXBuildFile; fileRef = 1AFECE6B1FE3B9650083ED93 /* Assets.xcassets */; };
		1AFECE6F1FE3B9650083ED93 /* LaunchScreen.storyboard in Resources */ = {isa = PBXBuildFile; fileRef = 1AFECE6D1FE3B9650083ED93 /* LaunchScreen.storyboard */; };
		ACA01762DF03D5084EA16A7C /* Pods_BeenHere.framework in Frameworks */ = {isa = PBXBuildFile; fileRef = 1EB19E93932E446CBA8CF5B3 /* Pods_BeenHere.framework */; };
/* End PBXBuildFile section */

/* Begin PBXFileReference section */
		1A25DC192027715600DFEFE2 /* Default-568h@2x.png */ = {isa = PBXFileReference; lastKnownFileType = image.png; path = "Default-568h@2x.png"; sourceTree = "<group>"; };
		1A25DC1B2027743400DFEFE2 /* PlaceDetailViewController.swift */ = {isa = PBXFileReference; lastKnownFileType = sourcecode.swift; path = PlaceDetailViewController.swift; sourceTree = "<group>"; };
		1A3CFE92203ADCD500A0DE99 /* DetailTableFirstSectionHeader.swift */ = {isa = PBXFileReference; lastKnownFileType = sourcecode.swift; path = DetailTableFirstSectionHeader.swift; sourceTree = "<group>"; };
		1A3CFE94203ADD0400A0DE99 /* DetailTableFirstSectionHeader.xib */ = {isa = PBXFileReference; lastKnownFileType = file.xib; path = DetailTableFirstSectionHeader.xib; sourceTree = "<group>"; };
		1A564A051FE7AF4B0028AF18 /* ProfileViewController.swift */ = {isa = PBXFileReference; lastKnownFileType = sourcecode.swift; path = ProfileViewController.swift; sourceTree = "<group>"; };
		1A65C522201089600019419C /* BeenHere.entitlements */ = {isa = PBXFileReference; lastKnownFileType = text.plist.entitlements; path = BeenHere.entitlements; sourceTree = "<group>"; };
		1A65C523201118B30019419C /* FBSDKCoreKit.framework */ = {isa = PBXFileReference; lastKnownFileType = wrapper.framework; path = FBSDKCoreKit.framework; sourceTree = "<group>"; };
		1A65C524201118B50019419C /* Bolts.framework */ = {isa = PBXFileReference; lastKnownFileType = wrapper.framework; path = Bolts.framework; sourceTree = "<group>"; };
		1A65C525201118B60019419C /* FBSDKShareKit.framework */ = {isa = PBXFileReference; lastKnownFileType = wrapper.framework; path = FBSDKShareKit.framework; sourceTree = "<group>"; };
		1A65C526201118B70019419C /* FBSDKLoginKit.framework */ = {isa = PBXFileReference; lastKnownFileType = wrapper.framework; path = FBSDKLoginKit.framework; sourceTree = "<group>"; };
		1A6B08E82035837A00357F43 /* CosmosDistrib.swift */ = {isa = PBXFileReference; fileEncoding = 4; lastKnownFileType = sourcecode.swift; path = CosmosDistrib.swift; sourceTree = "<group>"; };
		1A6B08EA20359AC500357F43 /* Places.swift */ = {isa = PBXFileReference; lastKnownFileType = sourcecode.swift; path = Places.swift; sourceTree = "<group>"; };
		1A6B08EC2035B1FD00357F43 /* MeterCircularView.swift */ = {isa = PBXFileReference; fileEncoding = 4; lastKnownFileType = sourcecode.swift; path = MeterCircularView.swift; sourceTree = "<group>"; };
		1A82DC861FE3E02900E0A27C /* GoogleService-Info.plist */ = {isa = PBXFileReference; fileEncoding = 4; lastKnownFileType = text.plist.xml; path = "GoogleService-Info.plist"; sourceTree = "<group>"; };
		1AA9207620330F1600692495 /* PlaceTableViewCell.swift */ = {isa = PBXFileReference; lastKnownFileType = sourcecode.swift; path = PlaceTableViewCell.swift; sourceTree = "<group>"; };
		1AA92078203316F100692495 /* Place.swift */ = {isa = PBXFileReference; lastKnownFileType = sourcecode.swift; path = Place.swift; sourceTree = "<group>"; };
		1AD31969202309D6000D5D51 /* LocationManager.swift */ = {isa = PBXFileReference; lastKnownFileType = sourcecode.swift; path = LocationManager.swift; sourceTree = "<group>"; };
		1AE6E65620333F3C00A02FED /* PlaceDetailCollectionViewCell.swift */ = {isa = PBXFileReference; lastKnownFileType = sourcecode.swift; path = PlaceDetailCollectionViewCell.swift; sourceTree = "<group>"; };
		1AEE0C84203FFAC4009BAFE6 /* ImageViewerViewController.swift */ = {isa = PBXFileReference; lastKnownFileType = sourcecode.swift; path = ImageViewerViewController.swift; sourceTree = "<group>"; };
		1AEE0C86203FFAE4009BAFE6 /* ImageViewerCollectionViewCell.swift */ = {isa = PBXFileReference; lastKnownFileType = sourcecode.swift; path = ImageViewerCollectionViewCell.swift; sourceTree = "<group>"; };
		1AFECE5F1FE3B9650083ED93 /* BeenHere.app */ = {isa = PBXFileReference; explicitFileType = wrapper.application; includeInIndex = 0; path = BeenHere.app; sourceTree = BUILT_PRODUCTS_DIR; };
		1AFECE621FE3B9650083ED93 /* AppDelegate.swift */ = {isa = PBXFileReference; lastKnownFileType = sourcecode.swift; path = AppDelegate.swift; sourceTree = "<group>"; };
		1AFECE641FE3B9650083ED93 /* PlacesViewController.swift */ = {isa = PBXFileReference; lastKnownFileType = sourcecode.swift; path = PlacesViewController.swift; sourceTree = "<group>"; };
		1AFECE661FE3B9650083ED93 /* LocatorViewController.swift */ = {isa = PBXFileReference; lastKnownFileType = sourcecode.swift; path = LocatorViewController.swift; sourceTree = "<group>"; };
		1AFECE691FE3B9650083ED93 /* Base */ = {isa = PBXFileReference; lastKnownFileType = file.storyboard; name = Base; path = Base.lproj/Main.storyboard; sourceTree = "<group>"; };
		1AFECE6B1FE3B9650083ED93 /* Assets.xcassets */ = {isa = PBXFileReference; lastKnownFileType = folder.assetcatalog; path = Assets.xcassets; sourceTree = "<group>"; };
		1AFECE6E1FE3B9650083ED93 /* Base */ = {isa = PBXFileReference; lastKnownFileType = file.storyboard; name = Base; path = Base.lproj/LaunchScreen.storyboard; sourceTree = "<group>"; };
		1AFECE701FE3B9650083ED93 /* Info.plist */ = {isa = PBXFileReference; lastKnownFileType = text.plist.xml; path = Info.plist; sourceTree = "<group>"; };
		1EB19E93932E446CBA8CF5B3 /* Pods_BeenHere.framework */ = {isa = PBXFileReference; explicitFileType = wrapper.framework; includeInIndex = 0; path = Pods_BeenHere.framework; sourceTree = BUILT_PRODUCTS_DIR; };
		4142FDC23AC99415C4272E43 /* Pods-BeenHere.debug.xcconfig */ = {isa = PBXFileReference; includeInIndex = 1; lastKnownFileType = text.xcconfig; name = "Pods-BeenHere.debug.xcconfig"; path = "Pods/Target Support Files/Pods-BeenHere/Pods-BeenHere.debug.xcconfig"; sourceTree = "<group>"; };
		B1B5219357B9916AB9D9C83C /* Pods-BeenHere.release.xcconfig */ = {isa = PBXFileReference; includeInIndex = 1; lastKnownFileType = text.xcconfig; name = "Pods-BeenHere.release.xcconfig"; path = "Pods/Target Support Files/Pods-BeenHere/Pods-BeenHere.release.xcconfig"; sourceTree = "<group>"; };
/* End PBXFileReference section */

/* Begin PBXFrameworksBuildPhase section */
		1AFECE5C1FE3B9650083ED93 /* Frameworks */ = {
			isa = PBXFrameworksBuildPhase;
			buildActionMask = 2147483647;
			files = (
				1A65C529201118B80019419C /* FBSDKShareKit.framework in Frameworks */,
				1A65C528201118B80019419C /* Bolts.framework in Frameworks */,
				1A65C52A201118B80019419C /* FBSDKLoginKit.framework in Frameworks */,
				1A65C527201118B80019419C /* FBSDKCoreKit.framework in Frameworks */,
				ACA01762DF03D5084EA16A7C /* Pods_BeenHere.framework in Frameworks */,
			);
			runOnlyForDeploymentPostprocessing = 0;
		};
/* End PBXFrameworksBuildPhase section */

/* Begin PBXGroup section */
		1A402B0E202767B5001F7885 /* Controllers */ = {
			isa = PBXGroup;
			children = (
				1AFECE641FE3B9650083ED93 /* PlacesViewController.swift */,
				1AFECE661FE3B9650083ED93 /* LocatorViewController.swift */,
				1A564A051FE7AF4B0028AF18 /* ProfileViewController.swift */,
				1A25DC1B2027743400DFEFE2 /* PlaceDetailViewController.swift */,
				1AEE0C84203FFAC4009BAFE6 /* ImageViewerViewController.swift */,
				1AEE0C86203FFAE4009BAFE6 /* ImageViewerCollectionViewCell.swift */,
			);
			path = Controllers;
			sourceTree = "<group>";
		};
		1A402B10202767D1001F7885 /* Helpers */ = {
			isa = PBXGroup;
			children = (
				1AD31969202309D6000D5D51 /* LocationManager.swift */,
			);
			path = Helpers;
			sourceTree = "<group>";
		};
		1A402B1120276816001F7885 /* Supporting Files */ = {
			isa = PBXGroup;
			children = (
				1A82DC861FE3E02900E0A27C /* GoogleService-Info.plist */,
				1AFECE701FE3B9650083ED93 /* Info.plist */,
				1A65C522201089600019419C /* BeenHere.entitlements */,
			);
			path = "Supporting Files";
			sourceTree = "<group>";
		};
		1A402B122027683D001F7885 /* Resources */ = {
			isa = PBXGroup;
			children = (
				1AFECE681FE3B9650083ED93 /* Main.storyboard */,
				1A3CFE92203ADCD500A0DE99 /* DetailTableFirstSectionHeader.swift */,
				1AFECE6D1FE3B9650083ED93 /* LaunchScreen.storyboard */,
				1AFECE6B1FE3B9650083ED93 /* Assets.xcassets */,
			);
			path = Resources;
			sourceTree = "<group>";
		};
		1AE6E6592033402E00A02FED /* Model */ = {
			isa = PBXGroup;
			children = (
			);
			path = Model;
			sourceTree = "<group>";
		};
		1AFECE561FE3B9650083ED93 = {
			isa = PBXGroup;
			children = (
				1A3CFE94203ADD0400A0DE99 /* DetailTableFirstSectionHeader.xib */,
				1A25DC192027715600DFEFE2 /* Default-568h@2x.png */,
				1AFECE611FE3B9650083ED93 /* BeenHere */,
				1AFECE601FE3B9650083ED93 /* Products */,
				AFFDE6D10E24A879A612D389 /* Frameworks */,
				A85F1C30CDBBDC9A4474C942 /* Pods */,
			);
			sourceTree = "<group>";
		};
		1AFECE601FE3B9650083ED93 /* Products */ = {
			isa = PBXGroup;
			children = (
				1AFECE5F1FE3B9650083ED93 /* BeenHere.app */,
			);
			name = Products;
			sourceTree = "<group>";
		};
		1AFECE611FE3B9650083ED93 /* BeenHere */ = {
			isa = PBXGroup;
			children = (
				1AE6E6592033402E00A02FED /* Model */,
				1AFECE621FE3B9650083ED93 /* AppDelegate.swift */,
				1A402B10202767D1001F7885 /* Helpers */,
				1A402B0E202767B5001F7885 /* Controllers */,
				1AA9207620330F1600692495 /* PlaceTableViewCell.swift */,
				1AE6E65620333F3C00A02FED /* PlaceDetailCollectionViewCell.swift */,
				1AA92078203316F100692495 /* Place.swift */,
				1A6B08EA20359AC500357F43 /* Places.swift */,
				1A6B08E82035837A00357F43 /* CosmosDistrib.swift */,
				1A6B08EC2035B1FD00357F43 /* MeterCircularView.swift */,
				1A402B122027683D001F7885 /* Resources */,
				1A402B1120276816001F7885 /* Supporting Files */,
			);
			path = BeenHere;
			sourceTree = "<group>";
		};
		A85F1C30CDBBDC9A4474C942 /* Pods */ = {
			isa = PBXGroup;
			children = (
				4142FDC23AC99415C4272E43 /* Pods-BeenHere.debug.xcconfig */,
				B1B5219357B9916AB9D9C83C /* Pods-BeenHere.release.xcconfig */,
			);
			name = Pods;
			sourceTree = "<group>";
		};
		AFFDE6D10E24A879A612D389 /* Frameworks */ = {
			isa = PBXGroup;
			children = (
				1A65C524201118B50019419C /* Bolts.framework */,
				1A65C523201118B30019419C /* FBSDKCoreKit.framework */,
				1A65C526201118B70019419C /* FBSDKLoginKit.framework */,
				1A65C525201118B60019419C /* FBSDKShareKit.framework */,
				1EB19E93932E446CBA8CF5B3 /* Pods_BeenHere.framework */,
			);
			name = Frameworks;
			sourceTree = "<group>";
		};
/* End PBXGroup section */

/* Begin PBXNativeTarget section */
		1AFECE5E1FE3B9650083ED93 /* BeenHere */ = {
			isa = PBXNativeTarget;
			buildConfigurationList = 1AFECE731FE3B9650083ED93 /* Build configuration list for PBXNativeTarget "BeenHere" */;
			buildPhases = (
				07B646F309C76E9F6824DB02 /* [CP] Check Pods Manifest.lock */,
				1AFECE5B1FE3B9650083ED93 /* Sources */,
				1AFECE5C1FE3B9650083ED93 /* Frameworks */,
				1AFECE5D1FE3B9650083ED93 /* Resources */,
				BBE7D7D30F327D648C12DBD9 /* [CP] Embed Pods Frameworks */,
				DDF504CF9D51C57FC43077E8 /* [CP] Copy Pods Resources */,
			);
			buildRules = (
			);
			dependencies = (
			);
			name = BeenHere;
			productName = BeenHere;
			productReference = 1AFECE5F1FE3B9650083ED93 /* BeenHere.app */;
			productType = "com.apple.product-type.application";
		};
/* End PBXNativeTarget section */

/* Begin PBXProject section */
		1AFECE571FE3B9650083ED93 /* Project object */ = {
			isa = PBXProject;
			attributes = {
				LastSwiftUpdateCheck = 0920;
				LastUpgradeCheck = 0920;
				ORGANIZATIONNAME = "Petko Haydushki";
				TargetAttributes = {
					1AFECE5E1FE3B9650083ED93 = {
						CreatedOnToolsVersion = 9.2;
						ProvisioningStyle = Automatic;
						SystemCapabilities = {
							com.apple.Keychain = {
								enabled = 1;
							};
						};
					};
				};
			};
			buildConfigurationList = 1AFECE5A1FE3B9650083ED93 /* Build configuration list for PBXProject "BeenHere" */;
			compatibilityVersion = "Xcode 8.0";
			developmentRegion = en;
			hasScannedForEncodings = 0;
			knownRegions = (
				en,
				Base,
			);
			mainGroup = 1AFECE561FE3B9650083ED93;
			productRefGroup = 1AFECE601FE3B9650083ED93 /* Products */;
			projectDirPath = "";
			projectRoot = "";
			targets = (
				1AFECE5E1FE3B9650083ED93 /* BeenHere */,
			);
		};
/* End PBXProject section */

/* Begin PBXResourcesBuildPhase section */
		1AFECE5D1FE3B9650083ED93 /* Resources */ = {
			isa = PBXResourcesBuildPhase;
			buildActionMask = 2147483647;
			files = (
				1AFECE6F1FE3B9650083ED93 /* LaunchScreen.storyboard in Resources */,
				1A82DC871FE3E02900E0A27C /* GoogleService-Info.plist in Resources */,
				1AFECE6C1FE3B9650083ED93 /* Assets.xcassets in Resources */,
				1A25DC1A2027715600DFEFE2 /* Default-568h@2x.png in Resources */,
				1AFECE6A1FE3B9650083ED93 /* Main.storyboard in Resources */,
				1A3CFE95203ADD0400A0DE99 /* DetailTableFirstSectionHeader.xib in Resources */,
			);
			runOnlyForDeploymentPostprocessing = 0;
		};
/* End PBXResourcesBuildPhase section */

/* Begin PBXShellScriptBuildPhase section */
		07B646F309C76E9F6824DB02 /* [CP] Check Pods Manifest.lock */ = {
			isa = PBXShellScriptBuildPhase;
			buildActionMask = 2147483647;
			files = (
			);
			inputPaths = (
				"${PODS_PODFILE_DIR_PATH}/Podfile.lock",
				"${PODS_ROOT}/Manifest.lock",
			);
			name = "[CP] Check Pods Manifest.lock";
			outputPaths = (
				"$(DERIVED_FILE_DIR)/Pods-BeenHere-checkManifestLockResult.txt",
			);
			runOnlyForDeploymentPostprocessing = 0;
			shellPath = /bin/sh;
			shellScript = "diff \"${PODS_PODFILE_DIR_PATH}/Podfile.lock\" \"${PODS_ROOT}/Manifest.lock\" > /dev/null\nif [ $? != 0 ] ; then\n    # print error to STDERR\n    echo \"error: The sandbox is not in sync with the Podfile.lock. Run 'pod install' or update your CocoaPods installation.\" >&2\n    exit 1\nfi\n# This output is used by Xcode 'outputs' to avoid re-running this script phase.\necho \"SUCCESS\" > \"${SCRIPT_OUTPUT_FILE_0}\"\n";
			showEnvVarsInLog = 0;
		};
		BBE7D7D30F327D648C12DBD9 /* [CP] Embed Pods Frameworks */ = {
			isa = PBXShellScriptBuildPhase;
			buildActionMask = 2147483647;
			files = (
			);
			inputPaths = (
				"${SRCROOT}/Pods/Target Support Files/Pods-BeenHere/Pods-BeenHere-frameworks.sh",
				"${BUILT_PRODUCTS_DIR}/Bolts/Bolts.framework",
				"${BUILT_PRODUCTS_DIR}/BoringSSL/openssl.framework",
				"${BUILT_PRODUCTS_DIR}/FBSDKCoreKit/FBSDKCoreKit.framework",
				"${BUILT_PRODUCTS_DIR}/FBSDKLoginKit/FBSDKLoginKit.framework",
				"${BUILT_PRODUCTS_DIR}/GTMOAuth2/GTMOAuth2.framework",
				"${BUILT_PRODUCTS_DIR}/GTMSessionFetcher/GTMSessionFetcher.framework",
				"${BUILT_PRODUCTS_DIR}/GoogleToolboxForMac/GoogleToolboxForMac.framework",
				"${BUILT_PRODUCTS_DIR}/Protobuf/Protobuf.framework",
				"${BUILT_PRODUCTS_DIR}/ReachabilitySwift/Reachability.framework",
				"${BUILT_PRODUCTS_DIR}/SDWebImage/SDWebImage.framework",
				"${PODS_ROOT}/TwitterCore/iOS/TwitterCore.framework",
				"${PODS_ROOT}/TwitterKit/iOS/TwitterKit.framework",
				"${BUILT_PRODUCTS_DIR}/gRPC/GRPCClient.framework",
				"${BUILT_PRODUCTS_DIR}/gRPC-Core/grpc.framework",
				"${BUILT_PRODUCTS_DIR}/gRPC-ProtoRPC/ProtoRPC.framework",
				"${BUILT_PRODUCTS_DIR}/gRPC-RxLibrary/RxLibrary.framework",
				"${BUILT_PRODUCTS_DIR}/leveldb-library/leveldb.framework",
				"${BUILT_PRODUCTS_DIR}/nanopb/nanopb.framework",
			);
			name = "[CP] Embed Pods Frameworks";
			outputPaths = (
				"${TARGET_BUILD_DIR}/${FRAMEWORKS_FOLDER_PATH}/Bolts.framework",
				"${TARGET_BUILD_DIR}/${FRAMEWORKS_FOLDER_PATH}/openssl.framework",
				"${TARGET_BUILD_DIR}/${FRAMEWORKS_FOLDER_PATH}/FBSDKCoreKit.framework",
				"${TARGET_BUILD_DIR}/${FRAMEWORKS_FOLDER_PATH}/FBSDKLoginKit.framework",
				"${TARGET_BUILD_DIR}/${FRAMEWORKS_FOLDER_PATH}/GTMOAuth2.framework",
				"${TARGET_BUILD_DIR}/${FRAMEWORKS_FOLDER_PATH}/GTMSessionFetcher.framework",
				"${TARGET_BUILD_DIR}/${FRAMEWORKS_FOLDER_PATH}/GoogleToolboxForMac.framework",
				"${TARGET_BUILD_DIR}/${FRAMEWORKS_FOLDER_PATH}/Protobuf.framework",
				"${TARGET_BUILD_DIR}/${FRAMEWORKS_FOLDER_PATH}/Reachability.framework",
				"${TARGET_BUILD_DIR}/${FRAMEWORKS_FOLDER_PATH}/SDWebImage.framework",
				"${TARGET_BUILD_DIR}/${FRAMEWORKS_FOLDER_PATH}/TwitterCore.framework",
				"${TARGET_BUILD_DIR}/${FRAMEWORKS_FOLDER_PATH}/TwitterKit.framework",
				"${TARGET_BUILD_DIR}/${FRAMEWORKS_FOLDER_PATH}/GRPCClient.framework",
				"${TARGET_BUILD_DIR}/${FRAMEWORKS_FOLDER_PATH}/grpc.framework",
				"${TARGET_BUILD_DIR}/${FRAMEWORKS_FOLDER_PATH}/ProtoRPC.framework",
				"${TARGET_BUILD_DIR}/${FRAMEWORKS_FOLDER_PATH}/RxLibrary.framework",
				"${TARGET_BUILD_DIR}/${FRAMEWORKS_FOLDER_PATH}/leveldb.framework",
				"${TARGET_BUILD_DIR}/${FRAMEWORKS_FOLDER_PATH}/nanopb.framework",
			);
			runOnlyForDeploymentPostprocessing = 0;
			shellPath = /bin/sh;
			shellScript = "\"${SRCROOT}/Pods/Target Support Files/Pods-BeenHere/Pods-BeenHere-frameworks.sh\"\n";
			showEnvVarsInLog = 0;
		};
		DDF504CF9D51C57FC43077E8 /* [CP] Copy Pods Resources */ = {
			isa = PBXShellScriptBuildPhase;
			buildActionMask = 2147483647;
			files = (
			);
			inputPaths = (
				"${SRCROOT}/Pods/Target Support Files/Pods-BeenHere/Pods-BeenHere-resources.sh",
				$PODS_CONFIGURATION_BUILD_DIR/FirebaseUI/FirebaseAuthUI.bundle,
				$PODS_CONFIGURATION_BUILD_DIR/FirebaseUI/FirebaseFacebookAuthUI.bundle,
				$PODS_CONFIGURATION_BUILD_DIR/FirebaseUI/FirebaseGoogleAuthUI.bundle,
				$PODS_CONFIGURATION_BUILD_DIR/FirebaseUI/FirebasePhoneAuthUI.bundle,
				$PODS_CONFIGURATION_BUILD_DIR/FirebaseUI/FirebaseTwitterAuthUI.bundle,
				"${PODS_ROOT}/GoogleSignIn/Resources/GoogleSignIn.bundle",
				"${PODS_ROOT}/TwitterKit/iOS/TwitterKit.framework/TwitterKitResources.bundle",
				"${PODS_ROOT}/TwitterKit/iOS/TwitterKit.framework/TwitterShareExtensionUIResources.bundle",
			);
			name = "[CP] Copy Pods Resources";
			outputPaths = (
				"${TARGET_BUILD_DIR}/${UNLOCALIZED_RESOURCES_FOLDER_PATH}",
			);
			runOnlyForDeploymentPostprocessing = 0;
			shellPath = /bin/sh;
			shellScript = "\"${SRCROOT}/Pods/Target Support Files/Pods-BeenHere/Pods-BeenHere-resources.sh\"\n";
			showEnvVarsInLog = 0;
		};
/* End PBXShellScriptBuildPhase section */

/* Begin PBXSourcesBuildPhase section */
		1AFECE5B1FE3B9650083ED93 /* Sources */ = {
			isa = PBXSourcesBuildPhase;
			buildActionMask = 2147483647;
			files = (
				1AE6E65720333F3C00A02FED /* PlaceDetailCollectionViewCell.swift in Sources */,
				1AEE0C87203FFAE4009BAFE6 /* ImageViewerCollectionViewCell.swift in Sources */,
				1A402B0D202710CA001F7885 /* ProfileViewController.swift in Sources */,
				1AEE0C85203FFAC4009BAFE6 /* ImageViewerViewController.swift in Sources */,
				1AFECE671FE3B9650083ED93 /* LocatorViewController.swift in Sources */,
				1A6B08ED2035B1FD00357F43 /* MeterCircularView.swift in Sources */,
				1A3CFE93203ADCD500A0DE99 /* DetailTableFirstSectionHeader.swift in Sources */,
				1A6B08E92035837A00357F43 /* CosmosDistrib.swift in Sources */,
				1AFECE631FE3B9650083ED93 /* AppDelegate.swift in Sources */,
				1AA92079203316F100692495 /* Place.swift in Sources */,
				1AA9207720330F1600692495 /* PlaceTableViewCell.swift in Sources */,
				1A25DC1C2027743400DFEFE2 /* PlaceDetailViewController.swift in Sources */,
				1A6B08EB20359AC500357F43 /* Places.swift in Sources */,
				1AD3196A202309D6000D5D51 /* LocationManager.swift in Sources */,
				1AFECE651FE3B9650083ED93 /* PlacesViewController.swift in Sources */,
			);
			runOnlyForDeploymentPostprocessing = 0;
		};
/* End PBXSourcesBuildPhase section */

/* Begin PBXVariantGroup section */
		1AFECE681FE3B9650083ED93 /* Main.storyboard */ = {
			isa = PBXVariantGroup;
			children = (
				1AFECE691FE3B9650083ED93 /* Base */,
			);
			name = Main.storyboard;
			sourceTree = "<group>";
		};
		1AFECE6D1FE3B9650083ED93 /* LaunchScreen.storyboard */ = {
			isa = PBXVariantGroup;
			children = (
				1AFECE6E1FE3B9650083ED93 /* Base */,
			);
			name = LaunchScreen.storyboard;
			sourceTree = "<group>";
		};
/* End PBXVariantGroup section */

/* Begin XCBuildConfiguration section */
		1AFECE711FE3B9650083ED93 /* Debug */ = {
			isa = XCBuildConfiguration;
			buildSettings = {
				ALWAYS_SEARCH_USER_PATHS = NO;
				CLANG_ANALYZER_NONNULL = YES;
				CLANG_ANALYZER_NUMBER_OBJECT_CONVERSION = YES_AGGRESSIVE;
				CLANG_CXX_LANGUAGE_STANDARD = "gnu++14";
				CLANG_CXX_LIBRARY = "libc++";
				CLANG_ENABLE_MODULES = YES;
				CLANG_ENABLE_OBJC_ARC = YES;
				CLANG_WARN_BLOCK_CAPTURE_AUTORELEASING = YES;
				CLANG_WARN_BOOL_CONVERSION = YES;
				CLANG_WARN_COMMA = YES;
				CLANG_WARN_CONSTANT_CONVERSION = YES;
				CLANG_WARN_DIRECT_OBJC_ISA_USAGE = YES_ERROR;
				CLANG_WARN_DOCUMENTATION_COMMENTS = YES;
				CLANG_WARN_EMPTY_BODY = YES;
				CLANG_WARN_ENUM_CONVERSION = YES;
				CLANG_WARN_INFINITE_RECURSION = YES;
				CLANG_WARN_INT_CONVERSION = YES;
				CLANG_WARN_NON_LITERAL_NULL_CONVERSION = YES;
				CLANG_WARN_OBJC_LITERAL_CONVERSION = YES;
				CLANG_WARN_OBJC_ROOT_CLASS = YES_ERROR;
				CLANG_WARN_RANGE_LOOP_ANALYSIS = YES;
				CLANG_WARN_STRICT_PROTOTYPES = YES;
				CLANG_WARN_SUSPICIOUS_MOVE = YES;
				CLANG_WARN_UNGUARDED_AVAILABILITY = YES_AGGRESSIVE;
				CLANG_WARN_UNREACHABLE_CODE = YES;
				CLANG_WARN__DUPLICATE_METHOD_MATCH = YES;
				CODE_SIGN_IDENTITY = "iPhone Developer";
				COPY_PHASE_STRIP = NO;
				DEBUG_INFORMATION_FORMAT = dwarf;
				ENABLE_STRICT_OBJC_MSGSEND = YES;
				ENABLE_TESTABILITY = YES;
				GCC_C_LANGUAGE_STANDARD = gnu11;
				GCC_DYNAMIC_NO_PIC = NO;
				GCC_NO_COMMON_BLOCKS = YES;
				GCC_OPTIMIZATION_LEVEL = 0;
				GCC_PREPROCESSOR_DEFINITIONS = (
					"DEBUG=1",
					"$(inherited)",
				);
				GCC_WARN_64_TO_32_BIT_CONVERSION = YES;
				GCC_WARN_ABOUT_RETURN_TYPE = YES_ERROR;
				GCC_WARN_UNDECLARED_SELECTOR = YES;
				GCC_WARN_UNINITIALIZED_AUTOS = YES_AGGRESSIVE;
				GCC_WARN_UNUSED_FUNCTION = YES;
				GCC_WARN_UNUSED_VARIABLE = YES;
				IPHONEOS_DEPLOYMENT_TARGET = 11.2;
				MTL_ENABLE_DEBUG_INFO = YES;
				ONLY_ACTIVE_ARCH = YES;
				SDKROOT = iphoneos;
				SWIFT_ACTIVE_COMPILATION_CONDITIONS = DEBUG;
				SWIFT_OPTIMIZATION_LEVEL = "-Onone";
			};
			name = Debug;
		};
		1AFECE721FE3B9650083ED93 /* Release */ = {
			isa = XCBuildConfiguration;
			buildSettings = {
				ALWAYS_SEARCH_USER_PATHS = NO;
				CLANG_ANALYZER_NONNULL = YES;
				CLANG_ANALYZER_NUMBER_OBJECT_CONVERSION = YES_AGGRESSIVE;
				CLANG_CXX_LANGUAGE_STANDARD = "gnu++14";
				CLANG_CXX_LIBRARY = "libc++";
				CLANG_ENABLE_MODULES = YES;
				CLANG_ENABLE_OBJC_ARC = YES;
				CLANG_WARN_BLOCK_CAPTURE_AUTORELEASING = YES;
				CLANG_WARN_BOOL_CONVERSION = YES;
				CLANG_WARN_COMMA = YES;
				CLANG_WARN_CONSTANT_CONVERSION = YES;
				CLANG_WARN_DIRECT_OBJC_ISA_USAGE = YES_ERROR;
				CLANG_WARN_DOCUMENTATION_COMMENTS = YES;
				CLANG_WARN_EMPTY_BODY = YES;
				CLANG_WARN_ENUM_CONVERSION = YES;
				CLANG_WARN_INFINITE_RECURSION = YES;
				CLANG_WARN_INT_CONVERSION = YES;
				CLANG_WARN_NON_LITERAL_NULL_CONVERSION = YES;
				CLANG_WARN_OBJC_LITERAL_CONVERSION = YES;
				CLANG_WARN_OBJC_ROOT_CLASS = YES_ERROR;
				CLANG_WARN_RANGE_LOOP_ANALYSIS = YES;
				CLANG_WARN_STRICT_PROTOTYPES = YES;
				CLANG_WARN_SUSPICIOUS_MOVE = YES;
				CLANG_WARN_UNGUARDED_AVAILABILITY = YES_AGGRESSIVE;
				CLANG_WARN_UNREACHABLE_CODE = YES;
				CLANG_WARN__DUPLICATE_METHOD_MATCH = YES;
				CODE_SIGN_IDENTITY = "iPhone Developer";
				COPY_PHASE_STRIP = NO;
				DEBUG_INFORMATION_FORMAT = "dwarf-with-dsym";
				ENABLE_NS_ASSERTIONS = NO;
				ENABLE_STRICT_OBJC_MSGSEND = YES;
				GCC_C_LANGUAGE_STANDARD = gnu11;
				GCC_NO_COMMON_BLOCKS = YES;
				GCC_WARN_64_TO_32_BIT_CONVERSION = YES;
				GCC_WARN_ABOUT_RETURN_TYPE = YES_ERROR;
				GCC_WARN_UNDECLARED_SELECTOR = YES;
				GCC_WARN_UNINITIALIZED_AUTOS = YES_AGGRESSIVE;
				GCC_WARN_UNUSED_FUNCTION = YES;
				GCC_WARN_UNUSED_VARIABLE = YES;
				IPHONEOS_DEPLOYMENT_TARGET = 11.2;
				MTL_ENABLE_DEBUG_INFO = NO;
				SDKROOT = iphoneos;
				SWIFT_OPTIMIZATION_LEVEL = "-Owholemodule";
				VALIDATE_PRODUCT = YES;
			};
			name = Release;
		};
		1AFECE741FE3B9650083ED93 /* Debug */ = {
			isa = XCBuildConfiguration;
			baseConfigurationReference = 4142FDC23AC99415C4272E43 /* Pods-BeenHere.debug.xcconfig */;
			buildSettings = {
				ASSETCATALOG_COMPILER_APPICON_NAME = AppIcon;
				CODE_SIGN_ENTITLEMENTS = "BeenHere/Supporting Files/BeenHere.entitlements";
				CODE_SIGN_STYLE = Automatic;
				DEVELOPMENT_TEAM = SK7QKDG62D;
				FRAMEWORK_SEARCH_PATHS = (
					"$(inherited)",
					"$(PROJECT_DIR)",
				);
				INFOPLIST_FILE = "BeenHere/Supporting Files/Info.plist";
				IPHONEOS_DEPLOYMENT_TARGET = 10.0;
				LD_RUNPATH_SEARCH_PATHS = "$(inherited) @executable_path/Frameworks";
				PRODUCT_BUNDLE_IDENTIFIER = com.phaydushki.BeenHere;
				PRODUCT_NAME = "$(TARGET_NAME)";
				SWIFT_VERSION = 4.0;
				TARGETED_DEVICE_FAMILY = "1,2";
			};
			name = Debug;
		};
		1AFECE751FE3B9650083ED93 /* Release */ = {
			isa = XCBuildConfiguration;
			baseConfigurationReference = B1B5219357B9916AB9D9C83C /* Pods-BeenHere.release.xcconfig */;
			buildSettings = {
				ASSETCATALOG_COMPILER_APPICON_NAME = AppIcon;
				CODE_SIGN_ENTITLEMENTS = "BeenHere/Supporting Files/BeenHere.entitlements";
				CODE_SIGN_STYLE = Automatic;
				DEVELOPMENT_TEAM = SK7QKDG62D;
				FRAMEWORK_SEARCH_PATHS = (
					"$(inherited)",
					"$(PROJECT_DIR)",
				);
				INFOPLIST_FILE = "BeenHere/Supporting Files/Info.plist";
				IPHONEOS_DEPLOYMENT_TARGET = 10.0;
				LD_RUNPATH_SEARCH_PATHS = "$(inherited) @executable_path/Frameworks";
				PRODUCT_BUNDLE_IDENTIFIER = com.phaydushki.BeenHere;
				PRODUCT_NAME = "$(TARGET_NAME)";
				SWIFT_VERSION = 4.0;
				TARGETED_DEVICE_FAMILY = "1,2";
			};
			name = Release;
		};
/* End XCBuildConfiguration section */

/* Begin XCConfigurationList section */
		1AFECE5A1FE3B9650083ED93 /* Build configuration list for PBXProject "BeenHere" */ = {
			isa = XCConfigurationList;
			buildConfigurations = (
				1AFECE711FE3B9650083ED93 /* Debug */,
				1AFECE721FE3B9650083ED93 /* Release */,
			);
			defaultConfigurationIsVisible = 0;
			defaultConfigurationName = Release;
		};
		1AFECE731FE3B9650083ED93 /* Build configuration list for PBXNativeTarget "BeenHere" */ = {
			isa = XCConfigurationList;
			buildConfigurations = (
				1AFECE741FE3B9650083ED93 /* Debug */,
				1AFECE751FE3B9650083ED93 /* Release */,
			);
			defaultConfigurationIsVisible = 0;
			defaultConfigurationName = Release;
		};
/* End XCConfigurationList section */
	};
	rootObject = 1AFECE571FE3B9650083ED93 /* Project object */;
}
